version = 1
revision = 3
requires-python = ">=3.12"

[[package]]
name = "ena-deposition"
version = "0.1.0"
source = { editable = "." }

[package.optional-dependencies]
test = [
    { name = "types-pytz" },
    { name = "types-pyyaml" },
    { name = "types-requests" },
    { name = "types-xmltodict" },
]

[package.metadata]
requires-dist = [
    { name = "types-pytz", marker = "extra == 'test'" },
    { name = "types-pyyaml", marker = "extra == 'test'" },
    { name = "types-requests", marker = "extra == 'test'" },
    { name = "types-xmltodict", marker = "extra == 'test'" },
]
provides-extras = ["test"]

[[package]]
name = "types-pytz"
version = "2026.3.1.20260727"
source = { registry = "https://pypi.org/simple" }
sdist = { url = "https://files.pythonhosted.org/packages/b1/cf/eae96172a036b942e0ad0ec49512108b4ef4b97cd6c2aed5677540a597e7/types_pytz-2026.3.1.20260727.tar.gz", hash = "sha256:4364075b6867dd15b210bb8c1d29727d609917129b45600defe1d4b3eda5ecb9", size = 10914, upload-time = "2026-07-27T05:36:32.389Z" }
wheels = [
    { url = "https://files.pythonhosted.org/packages/9c/24/a654176875944981c75516857cd8750600eeb9ff7fc07a2b82573619a57c/types_pytz-2026.3.1.20260727-py3-none-any.whl", hash = "sha256:42ac44e83645bfceb46597342c8fb8ec028a1407e2feae9c5c539986eab6b57a", size = 10132, upload-time = "2026-07-27T05:36:31.52Z" },
]

[[package]]
name = "types-pyyaml"
version = "6.0.12.20260906"
source = { registry = "https://pypi.org/simple" }
sdist = { url = "https://files.pythonhosted.org/packages/90/6e/abec85b9013db5b934b0280a6dd104904d84f7bcbaab2e2f3def87ac7463/types_pyyaml-6.0.12.20260906.tar.gz", hash = "sha256:f59c1cc05010b833d2d72287bbaa72610106b28d42d89a907313117faba85212", size = 18649, upload-time = "2026-09-06T06:35:35.362Z" }
wheels = [
    { url = "https://files.pythonhosted.org/packages/15/c0/fc0644b7ddcfb969e95845837143cb5173ddd6e06ee4ba5fc493cd9329b7/types_pyyaml-6.0.12.20260906-py3-none-any.whl", hash = "sha256:bca893ff0d51df5c9053137d5d0e6ccd36e939a196356f1d5c16372422f5137b", size = 21282, upload-time = "2026-09-06T06:35:34.372Z" },
]

[[package]]
name = "types-requests"
version = "2.33.0.20260906"
source = { registry = "https://pypi.org/simple" }
dependencies = [
    { name = "urllib3" },
]
sdist = { url = "https://files.pythonhosted.org/packages/c0/18/4c2c0290953f8b3b9612adfcb07b57f144ade3ad32a76764fca42b77c5f3/types_requests-2.33.0.20260906.tar.gz", hash = "sha256:76ab8a0fb736744a0c3deee7aa57b2927e301f078d9e61f5391b3e92002416b9", size = 25263, upload-time = "2026-09-06T06:35:47.707Z" }
wheels = [
    { url = "https://files.pythonhosted.org/packages/60/4c/51ec821d22a45b4162fa3f3e9e94ea4c0f8c49e82363b10955baa5438391/types_requests-2.33.0.20260906-py3-none-any.whl", hash = "sha256:9f53622652bd921ead7a54d665be1b8d518165c8b51cc9d68d944cd6b6bfa8fb", size = 21461, upload-time = "2026-09-06T06:35:45.856Z" },
]

[[package]]
name = "types-xmltodict"
version = "1.0.1.20260518"
source = { registry = "https://pypi.org/simple" }
sdist = { url = "https://files.pythonhosted.org/packages/8f/b8/5c43e147eec89125e3f56670c86bc6ba8ea4d0c4cb738a77b3f46940e50d/types_xmltodict-1.0.1.20260518.tar.gz", hash = "sha256:b9d0b364dc47508b4c9040635a94c28f5472f9ab588f6c864ae4c96823bccb33", size = 8890, upload-time = "2026-05-18T06:03:00.296Z" }
wheels = [
    { url = "https://files.pythonhosted.org/packages/f6/5d/e0eee00dd3c7299c1f5ae7ef596409c51dba4af93cfaf05ea7d27f4afc7d/types_xmltodict-1.0.1.20260518-py3-none-any.whl", hash = "sha256:b396dd53afbd8b034014922b95333f10d12515566a6a08282d39fdb1a3a529b9", size = 8377, upload-time = "2026-05-18T06:02:59.076Z" },
]

[[package]]
name = "urllib3"
version = "2.8.0"
source = { registry = "https://pypi.org/simple" }
sdist = { url = "https://files.pythonhosted.org/packages/e3/05/b17359e1cefb4f909b5e40b1b90a496d987258916dbbf88e842c729f510e/urllib3-2.8.0.tar.gz", hash = "sha256:63bf2ead4c879426ebf22ef2a781eeb4aa3b4ae798a0435506f8687fd5bb9b63", size = 458972, upload-time = "2026-09-15T19:29:36.253Z" }
wheels = [
    { url = "https://files.pythonhosted.org/packages/92/9d/c4e665119135114480843e7ab388fa94d8480650450e6f8e26b70d323a4c/urllib3-2.8.0-py3-none-any.whl", hash = "sha256:0cf3cae568d36aa9576b28dfb35f11328f1cb974ca7647d9475ebb86c75ac6e3", size = 135717, upload-time = "2026-09-15T19:29:34.577Z" },
]
